
Microsoft Visual Studio Solution File, Format Version 12.00
# Visual Studio Version 17
VisualStudioVersion = 17.11.35312.102
MinimumVisualStudioVersion = 10.0.40219.1
Project("{FAE04EC0-301F-11D3-BF4B-00C04F79EFBC}") = "SoliGest", "SoliGest\SoliGest.csproj", "{296A7914-82DF-40D5-BE82-BDFC7D28BA19}"
EndProject
Global
	GlobalSection(SolutionConfigurationPlatforms) = preSolution
		Debug|Any CPU = Debug|Any CPU
		Release|Any CPU = Release|Any CPU
	EndGlobalSection
	GlobalSection(ProjectConfigurationPlatforms) = postSolution
		{296A7914-82DF-40D5-BE82-BDFC7D28BA19}.Debug|Any CPU.ActiveCfg = Debug|Any CPU
		{296A7914-82DF-40D5-BE82-BDFC7D28BA19}.Debug|Any CPU.Build.0 = Debug|Any CPU
		{296A7914-82DF-40D5-BE82-BDFC7D28BA19}.Release|Any CPU.ActiveCfg = Release|Any CPU
		{296A7914-82DF-40D5-BE82-BDFC7D28BA19}.Release|Any CPU.Build.0 = Release|Any CPU
	EndGlobalSection
	GlobalSection(SolutionProperties) = preSolution
		HideSolutionNode = FALSE
	EndGlobalSection
	GlobalSection(ExtensibilityGlobals) = postSolution
		SolutionGuid = {4750EF0C-8C21-4606-9C56-AEFB479FF019}
	EndGlobalSection
EndGlobal
